
Microsoft Visual Studio Solution File, Format Version 12.00
Project("{FAE04EC0-301F-11D3-BF4B-00C04F79EFBC}") = "Task1A", "Practice1\Task1A\Task1A.csproj", "{2555F749-8343-44C3-BAC1-DCADD7C9DB09}"
EndProject
Project("{2150E333-8FDC-42A3-9474-1A3956D46DE8}") = "Practice11", "Practice11", "{68E383B8-10FF-436A-9D69-EF25DB00ECA8}"
EndProject
Project("{FAE04EC0-301F-11D3-BF4B-00C04F79EFBC}") = "Task1B", "Practice1\1\2\3\Task1B\Task1B.csproj", "{D823A2AB-3C61-442A-B186-8B22F0E1F058}"
EndProject
Project("{FAE04EC0-301F-11D3-BF4B-00C04F79EFBC}") = "Task2", "Practice1\Task2\Task2.csproj", "{A9CC17FD-D0AE-4836-8520-E3AF1C8C5E9A}"
EndProject
Project("{FAE04EC0-301F-11D3-BF4B-00C04F79EFBC}") = "Task3", "Practice1\Task3\Task3.csproj", "{0442A8F8-C898-448A-886D-3E8D2C778732}"
EndProject
Project("{FAE04EC0-301F-11D3-BF4B-00C04F79EFBC}") = "Task4", "Practice1\Task4\Task4.csproj", "{717C9C68-315F-4B55-B3CE-823644481E1D}"
EndProject
Project("{FAE04EC0-301F-11D3-BF4B-00C04F79EFBC}") = "Task5", "Practice1\Task5\Task5.csproj", "{14055F5F-C956-4358-B079-A4254D237294}"
EndProject
Project("{FAE04EC0-301F-11D3-BF4B-00C04F79EFBC}") = "Task6", "Practice1\Task6\Task6.csproj", "{03F5E0E5-EE3C-4DCA-BA67-D0B03B2B8707}"
EndProject
Project("{FAE04EC0-301F-11D3-BF4B-00C04F79EFBC}") = "Task7", "Practice1\Task7\Task7.csproj", "{968EE3C2-EC51-4198-BC32-45929F8B9317}"
EndProject
Project("{2150E333-8FDC-42A3-9474-1A3956D46DE8}") = "Practice2", "Practice2", "{D06F311D-3C5B-4DB9-8178-A955530CF2C6}"
EndProject
Project("{FAE04EC0-301F-11D3-BF4B-00C04F79EFBC}") = "Task1", "Practice2\Task1\Task1.csproj", "{BA4219C2-DCCB-4B9F-80D7-CFF582D0853C}"
EndProject
Project("{FAE04EC0-301F-11D3-BF4B-00C04F79EFBC}") = "Task2", "Practice2\Task2\Task2.csproj", "{F79CB516-484B-467B-A01A-22262FCF84E0}"
EndProject
Project("{FAE04EC0-301F-11D3-BF4B-00C04F79EFBC}") = "Task3", "Practice2\Task3\Task3.csproj", "{61C0CCF1-CF92-4922-97A3-98A4041496CF}"
EndProject
Project("{FAE04EC0-301F-11D3-BF4B-00C04F79EFBC}") = "Task4", "Practice2\Task4\Task4.csproj", "{4D69945D-9700-48E0-9B9F-2FE1E559BDE9}"
EndProject
Project("{2150E333-8FDC-42A3-9474-1A3956D46DE8}") = "Practice1", "Practice1", "{BDC3B801-AEFF-4B36-9080-D77A4C232462}"
EndProject
Global
	GlobalSection(SolutionConfigurationPlatforms) = preSolution
		Debug|Any CPU = Debug|Any CPU
		Release|Any CPU = Release|Any CPU
		CheckIn|Any CPU = CheckIn|Any CPU
	EndGlobalSection
	GlobalSection(ProjectConfigurationPlatforms) = postSolution
		{2555F749-8343-44C3-BAC1-DCADD7C9DB09}.Debug|Any CPU.ActiveCfg = Debug|Any CPU
		{2555F749-8343-44C3-BAC1-DCADD7C9DB09}.Debug|Any CPU.Build.0 = Debug|Any CPU
		{2555F749-8343-44C3-BAC1-DCADD7C9DB09}.Release|Any CPU.ActiveCfg = Release|Any CPU
		{2555F749-8343-44C3-BAC1-DCADD7C9DB09}.Release|Any CPU.Build.0 = Release|Any CPU
		{2555F749-8343-44C3-BAC1-DCADD7C9DB09}.CheckIn|Any CPU.ActiveCfg = CheckIn|Any CPU
		{2555F749-8343-44C3-BAC1-DCADD7C9DB09}.CheckIn|Any CPU.Build.0 = CheckIn|Any CPU
		{D823A2AB-3C61-442A-B186-8B22F0E1F058}.Debug|Any CPU.ActiveCfg = Debug|Any CPU
		{D823A2AB-3C61-442A-B186-8B22F0E1F058}.Debug|Any CPU.Build.0 = Debug|Any CPU
		{D823A2AB-3C61-442A-B186-8B22F0E1F058}.Release|Any CPU.ActiveCfg = Release|Any CPU
		{D823A2AB-3C61-442A-B186-8B22F0E1F058}.Release|Any CPU.Build.0 = Release|Any CPU
		{D823A2AB-3C61-442A-B186-8B22F0E1F058}.CheckIn|Any CPU.ActiveCfg = CheckIn|Any CPU
		{D823A2AB-3C61-442A-B186-8B22F0E1F058}.CheckIn|Any CPU.Build.0 = CheckIn|Any CPU
		{A9CC17FD-D0AE-4836-8520-E3AF1C8C5E9A}.Debug|Any CPU.ActiveCfg = Debug|Any CPU
		{A9CC17FD-D0AE-4836-8520-E3AF1C8C5E9A}.Debug|Any CPU.Build.0 = Debug|Any CPU
		{A9CC17FD-D0AE-4836-8520-E3AF1C8C5E9A}.Release|Any CPU.ActiveCfg = Release|Any CPU
		{A9CC17FD-D0AE-4836-8520-E3AF1C8C5E9A}.Release|Any CPU.Build.0 = Release|Any CPU
		{A9CC17FD-D0AE-4836-8520-E3AF1C8C5E9A}.CheckIn|Any CPU.ActiveCfg = Debug|Any CPU
		{A9CC17FD-D0AE-4836-8520-E3AF1C8C5E9A}.CheckIn|Any CPU.Build.0 = Debug|Any CPU
		{0442A8F8-C898-448A-886D-3E8D2C778732}.Debug|Any CPU.ActiveCfg = Debug|Any CPU
		{0442A8F8-C898-448A-886D-3E8D2C778732}.Debug|Any CPU.Build.0 = Debug|Any CPU
		{0442A8F8-C898-448A-886D-3E8D2C778732}.Release|Any CPU.ActiveCfg = Release|Any CPU
		{0442A8F8-C898-448A-886D-3E8D2C778732}.Release|Any CPU.Build.0 = Release|Any CPU
		{0442A8F8-C898-448A-886D-3E8D2C778732}.CheckIn|Any CPU.ActiveCfg = Debug|Any CPU
		{0442A8F8-C898-448A-886D-3E8D2C778732}.CheckIn|Any CPU.Build.0 = Debug|Any CPU
		{717C9C68-315F-4B55-B3CE-823644481E1D}.Debug|Any CPU.ActiveCfg = Debug|Any CPU
		{717C9C68-315F-4B55-B3CE-823644481E1D}.Debug|Any CPU.Build.0 = Debug|Any CPU
		{717C9C68-315F-4B55-B3CE-823644481E1D}.Release|Any CPU.ActiveCfg = Release|Any CPU
		{717C9C68-315F-4B55-B3CE-823644481E1D}.Release|Any CPU.Build.0 = Release|Any CPU
		{717C9C68-315F-4B55-B3CE-823644481E1D}.CheckIn|Any CPU.ActiveCfg = Debug|Any CPU
		{717C9C68-315F-4B55-B3CE-823644481E1D}.CheckIn|Any CPU.Build.0 = Debug|Any CPU
		{14055F5F-C956-4358-B079-A4254D237294}.Debug|Any CPU.ActiveCfg = Debug|Any CPU
		{14055F5F-C956-4358-B079-A4254D237294}.Debug|Any CPU.Build.0 = Debug|Any CPU
		{14055F5F-C956-4358-B079-A4254D237294}.Release|Any CPU.ActiveCfg = Release|Any CPU
		{14055F5F-C956-4358-B079-A4254D237294}.Release|Any CPU.Build.0 = Release|Any CPU
		{14055F5F-C956-4358-B079-A4254D237294}.CheckIn|Any CPU.ActiveCfg = Debug|Any CPU
		{14055F5F-C956-4358-B079-A4254D237294}.CheckIn|Any CPU.Build.0 = Debug|Any CPU
		{03F5E0E5-EE3C-4DCA-BA67-D0B03B2B8707}.Debug|Any CPU.ActiveCfg = Debug|Any CPU
		{03F5E0E5-EE3C-4DCA-BA67-D0B03B2B8707}.Debug|Any CPU.Build.0 = Debug|Any CPU
		{03F5E0E5-EE3C-4DCA-BA67-D0B03B2B8707}.Release|Any CPU.ActiveCfg = Release|Any CPU
		{03F5E0E5-EE3C-4DCA-BA67-D0B03B2B8707}.Release|Any CPU.Build.0 = Release|Any CPU
		{03F5E0E5-EE3C-4DCA-BA67-D0B03B2B8707}.CheckIn|Any CPU.ActiveCfg = Debug|Any CPU
		{03F5E0E5-EE3C-4DCA-BA67-D0B03B2B8707}.CheckIn|Any CPU.Build.0 = Debug|Any CPU
		{968EE3C2-EC51-4198-BC32-45929F8B9317}.Debug|Any CPU.ActiveCfg = Debug|Any CPU
		{968EE3C2-EC51-4198-BC32-45929F8B9317}.Debug|Any CPU.Build.0 = Debug|Any CPU
		{968EE3C2-EC51-4198-BC32-45929F8B9317}.Release|Any CPU.ActiveCfg = Release|Any CPU
		{968EE3C2-EC51-4198-BC32-45929F8B9317}.Release|Any CPU.Build.0 = Release|Any CPU
		{968EE3C2-EC51-4198-BC32-45929F8B9317}.CheckIn|Any CPU.ActiveCfg = Debug|Any CPU
		{968EE3C2-EC51-4198-BC32-45929F8B9317}.CheckIn|Any CPU.Build.0 = Debug|Any CPU
		{BA4219C2-DCCB-4B9F-80D7-CFF582D0853C}.Debug|Any CPU.ActiveCfg = Debug|Any CPU
		{BA4219C2-DCCB-4B9F-80D7-CFF582D0853C}.Debug|Any CPU.Build.0 = Debug|Any CPU
		{BA4219C2-DCCB-4B9F-80D7-CFF582D0853C}.Release|Any CPU.ActiveCfg = Release|Any CPU
		{BA4219C2-DCCB-4B9F-80D7-CFF582D0853C}.Release|Any CPU.Build.0 = Release|Any CPU
		{BA4219C2-DCCB-4B9F-80D7-CFF582D0853C}.CheckIn|Any CPU.ActiveCfg = Debug|Any CPU
		{BA4219C2-DCCB-4B9F-80D7-CFF582D0853C}.CheckIn|Any CPU.Build.0 = Debug|Any CPU
		{F79CB516-484B-467B-A01A-22262FCF84E0}.Debug|Any CPU.ActiveCfg = Debug|Any CPU
		{F79CB516-484B-467B-A01A-22262FCF84E0}.Debug|Any CPU.Build.0 = Debug|Any CPU
		{F79CB516-484B-467B-A01A-22262FCF84E0}.Release|Any CPU.ActiveCfg = Release|Any CPU
		{F79CB516-484B-467B-A01A-22262FCF84E0}.Release|Any CPU.Build.0 = Release|Any CPU
		{F79CB516-484B-467B-A01A-22262FCF84E0}.CheckIn|Any CPU.ActiveCfg = Debug|Any CPU
		{F79CB516-484B-467B-A01A-22262FCF84E0}.CheckIn|Any CPU.Build.0 = Debug|Any CPU
		{61C0CCF1-CF92-4922-97A3-98A4041496CF}.Debug|Any CPU.ActiveCfg = Debug|Any CPU
		{61C0CCF1-CF92-4922-97A3-98A4041496CF}.Debug|Any CPU.Build.0 = Debug|Any CPU
		{61C0CCF1-CF92-4922-97A3-98A4041496CF}.Release|Any CPU.ActiveCfg = Release|Any CPU
		{61C0CCF1-CF92-4922-97A3-98A4041496CF}.Release|Any CPU.Build.0 = Release|Any CPU
		{61C0CCF1-CF92-4922-97A3-98A4041496CF}.CheckIn|Any CPU.ActiveCfg = Debug|Any CPU
		{61C0CCF1-CF92-4922-97A3-98A4041496CF}.CheckIn|Any CPU.Build.0 = Debug|Any CPU
		{4D69945D-9700-48E0-9B9F-2FE1E559BDE9}.Debug|Any CPU.ActiveCfg = Debug|Any CPU
		{4D69945D-9700-48E0-9B9F-2FE1E559BDE9}.Debug|Any CPU.Build.0 = Debug|Any CPU
		{4D69945D-9700-48E0-9B9F-2FE1E559BDE9}.Release|Any CPU.ActiveCfg = Release|Any CPU
		{4D69945D-9700-48E0-9B9F-2FE1E559BDE9}.Release|Any CPU.Build.0 = Release|Any CPU
		{4D69945D-9700-48E0-9B9F-2FE1E559BDE9}.CheckIn|Any CPU.ActiveCfg = Debug|Any CPU
		{4D69945D-9700-48E0-9B9F-2FE1E559BDE9}.CheckIn|Any CPU.Build.0 = Debug|Any CPU
	EndGlobalSection
	GlobalSection(NestedProjects) = preSolution
		{D823A2AB-3C61-442A-B186-8B22F0E1F058} = {68E383B8-10FF-436A-9D69-EF25DB00ECA8}
		{BA4219C2-DCCB-4B9F-80D7-CFF582D0853C} = {D06F311D-3C5B-4DB9-8178-A955530CF2C6}
		{F79CB516-484B-467B-A01A-22262FCF84E0} = {D06F311D-3C5B-4DB9-8178-A955530CF2C6}
		{61C0CCF1-CF92-4922-97A3-98A4041496CF} = {D06F311D-3C5B-4DB9-8178-A955530CF2C6}
		{4D69945D-9700-48E0-9B9F-2FE1E559BDE9} = {D06F311D-3C5B-4DB9-8178-A955530CF2C6}
		{2555F749-8343-44C3-BAC1-DCADD7C9DB09} = {BDC3B801-AEFF-4B36-9080-D77A4C232462}
		{A9CC17FD-D0AE-4836-8520-E3AF1C8C5E9A} = {BDC3B801-AEFF-4B36-9080-D77A4C232462}
		{0442A8F8-C898-448A-886D-3E8D2C778732} = {BDC3B801-AEFF-4B36-9080-D77A4C232462}
		{717C9C68-315F-4B55-B3CE-823644481E1D} = {BDC3B801-AEFF-4B36-9080-D77A4C232462}
		{14055F5F-C956-4358-B079-A4254D237294} = {BDC3B801-AEFF-4B36-9080-D77A4C232462}
		{03F5E0E5-EE3C-4DCA-BA67-D0B03B2B8707} = {BDC3B801-AEFF-4B36-9080-D77A4C232462}
		{968EE3C2-EC51-4198-BC32-45929F8B9317} = {BDC3B801-AEFF-4B36-9080-D77A4C232462}
	EndGlobalSection
EndGlobal
